# THIS IS AN AUTOGENERATED FILE. DO NOT EDIT THIS FILE DIRECTLY.
# yarn lockfile v1


"@aws-cdk/assets@1.101.0":
  version "1.101.0"
  resolved "https://registry.yarnpkg.com/@aws-cdk/assets/-/assets-1.101.0.tgz#a382c77158e85a14eefd776d26001de921e85549"
  integrity sha512-QDeflWlw1I8ZaUz+gcIfrUceyokiQj+epi+pP8rha7ZoUiM996Vm09nsvIk16GMIQlW+R02aR0E7SFBQIYOa9Q==
  dependencies:
    "@aws-cdk/core" "1.101.0"
    "@aws-cdk/cx-api" "1.101.0"
    constructs "^3.3.69"

"@aws-cdk/aws-applicationautoscaling@1.101.0":
  version "1.101.0"
  resolved "https://registry.yarnpkg.com/@aws-cdk/aws-applicationautoscaling/-/aws-applicationautoscaling-1.101.0.tgz#d0376900242af82b535dec0a5b3509b635098760"
  integrity sha512-1bZt/3V/DierxID5WZZ5EVwSquozZAZesNdz0XxAw9NI5uaf3J2xohCHd8zo9rbA/JpeRj+gjQGlk4/3kC/lwg==
  dependencies:
    "@aws-cdk/aws-autoscaling-common" "1.101.0"
    "@aws-cdk/aws-cloudwatch" "1.101.0"
    "@aws-cdk/aws-iam" "1.101.0"
    "@aws-cdk/core" "1.101.0"
    constructs "^3.3.69"

"@aws-cdk/aws-autoscaling-common@1.101.0":
  version "1.101.0"
  resolved "https://registry.yarnpkg.com/@aws-cdk/aws-autoscaling-common/-/aws-autoscaling-common-1.101.0.tgz#1b45dec7dab517ccb413eee4f7cc0a4ee5739d7b"
  integrity sha512-ynG/Ff3nZpzJJ1eTV99Wu85TxqSragXCGMAZ4cLl+YXxzvDsqMXNCG6grukTaIoOIMh4ziQ6ia1uVUMqTtCh9Q==
  dependencies:
    "@aws-cdk/aws-iam" "1.101.0"
    "@aws-cdk/core" "1.101.0"
    constructs "^3.3.69"

"@aws-cdk/aws-certificatemanager@1.101.0":
  version "1.101.0"
  resolved "https://registry.yarnpkg.com/@aws-cdk/aws-certificatemanager/-/aws-certificatemanager-1.101.0.tgz#d79b0a8522a858e8df1b3caa4b46552526014238"
  integrity sha512-apXjsMSCStaI+KSZ0BZZ53SL5uc2QRmwtOzpD1ruTEuG10nvVi0Ky1qYogcsU9mlaWFtHmCeSyawZEjyg/f1Ng==
  dependencies:
    "@aws-cdk/aws-iam" "1.101.0"
    "@aws-cdk/aws-lambda" "1.101.0"
    "@aws-cdk/aws-route53" "1.101.0"
    "@aws-cdk/core" "1.101.0"
    constructs "^3.3.69"

"@aws-cdk/aws-cloudformation@1.101.0":
  version "1.101.0"
  resolved "https://registry.yarnpkg.com/@aws-cdk/aws-cloudformation/-/aws-cloudformation-1.101.0.tgz#d52a50ce67f1edede3fb44602937ada2620e93e0"
  integrity sha512-MGDAXfFuwZWaeCa3KXOmBN0wojQC8tOG/oz17oJGbTeYnDeJZaApexcs5Ss2oud5MQm0Tnq/VQ6Pa6p1ODX4hw==
  dependencies:
    "@aws-cdk/aws-iam" "1.101.0"
    "@aws-cdk/aws-lambda" "1.101.0"
    "@aws-cdk/aws-s3" "1.101.0"
    "@aws-cdk/aws-sns" "1.101.0"
    "@aws-cdk/core" "1.101.0"
    "@aws-cdk/cx-api" "1.101.0"
    constructs "^3.3.69"

"@aws-cdk/aws-cloudfront@1.101.0":
  version "1.101.0"
  resolved "https://registry.yarnpkg.com/@aws-cdk/aws-cloudfront/-/aws-cloudfront-1.101.0.tgz#14fba4f66a9145028160ae8aeab0e90cd6a62aa2"
  integrity sha512-1HOMk5NNVVd3UKFqBYlmlYOYaGlQelLWFikkBjsTh5ScH3tDAOVPIk3T4yXBwPZ8ZyAjqXfMPprwDB6njI/8rA==
  dependencies:
    "@aws-cdk/aws-certificatemanager" "1.101.0"
    "@aws-cdk/aws-cloudwatch" "1.101.0"
    "@aws-cdk/aws-ec2" "1.101.0"
    "@aws-cdk/aws-iam" "1.101.0"
    "@aws-cdk/aws-kms" "1.101.0"
    "@aws-cdk/aws-lambda" "1.101.0"
    "@aws-cdk/aws-s3" "1.101.0"
    "@aws-cdk/aws-ssm" "1.101.0"
    "@aws-cdk/core" "1.101.0"
    constructs "^3.3.69"

"@aws-cdk/aws-cloudwatch@1.101.0":
  version "1.101.0"
  resolved "https://registry.yarnpkg.com/@aws-cdk/aws-cloudwatch/-/aws-cloudwatch-1.101.0.tgz#7894a0fc1f1534cffe73ee446643ffc8be6752f2"
  integrity sha512-WPhZfIbA1TrWtpmrePiiIRQ03FlbyEoSZS9l51AFqcVfnWtzWNf61R4pbg/rTpeuu1Zhez4IycUykEM6RhFsAQ==
  dependencies:
    "@aws-cdk/aws-iam" "1.101.0"
    "@aws-cdk/core" "1.101.0"
    constructs "^3.3.69"

"@aws-cdk/aws-codeguruprofiler@1.101.0":
  version "1.101.0"
  resolved "https://registry.yarnpkg.com/@aws-cdk/aws-codeguruprofiler/-/aws-codeguruprofiler-1.101.0.tgz#4819f90f20a3cdc5b71f03fcac7ae6c4761ad8ba"
  integrity sha512-IECX7lUC16efa9PEvlVjiGwk8M99Q6IT3NXHgp7htXXAv07dE8pjsLDcok3j0wY21dDqgamqqjboP0mXQuCqiw==
  dependencies:
    "@aws-cdk/aws-iam" "1.101.0"
    "@aws-cdk/core" "1.101.0"
    constructs "^3.3.69"

"@aws-cdk/aws-ec2@1.101.0":
  version "1.101.0"
  resolved "https://registry.yarnpkg.com/@aws-cdk/aws-ec2/-/aws-ec2-1.101.0.tgz#5e78d09139d949d3ccba4de75804ddba3057e910"
  integrity sha512-Cq+Re8xU9TZQTMNZKGF4pEky6IujgjirfEH0bF1+j/YnvQ06Q/rYhLnRnq1PErj1omrReh4RKKKnQoa2cp4L6w==
  dependencies:
    "@aws-cdk/aws-cloudwatch" "1.101.0"
    "@aws-cdk/aws-iam" "1.101.0"
    "@aws-cdk/aws-kms" "1.101.0"
    "@aws-cdk/aws-logs" "1.101.0"
    "@aws-cdk/aws-s3" "1.101.0"
    "@aws-cdk/aws-s3-assets" "1.101.0"
    "@aws-cdk/aws-ssm" "1.101.0"
    "@aws-cdk/cloud-assembly-schema" "1.101.0"
    "@aws-cdk/core" "1.101.0"
    "@aws-cdk/cx-api" "1.101.0"
    "@aws-cdk/region-info" "1.101.0"
    constructs "^3.3.69"

"@aws-cdk/aws-ecr-assets@1.101.0":
  version "1.101.0"
  resolved "https://registry.yarnpkg.com/@aws-cdk/aws-ecr-assets/-/aws-ecr-assets-1.101.0.tgz#c439e5dacdab455bf3ed57369276276bca57f45f"
  integrity sha512-MwdJK4qjn/pZJX9utjJNg5/8zFss7jwQwmTeBHHv5JEETA3V3C4UkjLEiAEbA7cLB3fX8rFU5kGO7wJOQ02ohw==
  dependencies:
    "@aws-cdk/assets" "1.101.0"
    "@aws-cdk/aws-ecr" "1.101.0"
    "@aws-cdk/aws-iam" "1.101.0"
    "@aws-cdk/aws-s3" "1.101.0"
    "@aws-cdk/core" "1.101.0"
    "@aws-cdk/cx-api" "1.101.0"
    constructs "^3.3.69"
    minimatch "^3.0.4"

"@aws-cdk/aws-ecr@1.101.0":
  version "1.101.0"
  resolved "https://registry.yarnpkg.com/@aws-cdk/aws-ecr/-/aws-ecr-1.101.0.tgz#71b83ed5de6a33838997efd748796c9b3c642cbd"
  integrity sha512-K0UhY7c9eEMnMpbjZ7QnAGk5urrL1/DLSJ0R8FbkX+RONfUe9Dxt8n3dDlQiwow4MXi84m82b6FcJz83Hcuu9w==
  dependencies:
    "@aws-cdk/aws-events" "1.101.0"
    "@aws-cdk/aws-iam" "1.101.0"
    "@aws-cdk/core" "1.101.0"
    constructs "^3.3.69"

"@aws-cdk/aws-efs@1.101.0":
  version "1.101.0"
  resolved "https://registry.yarnpkg.com/@aws-cdk/aws-efs/-/aws-efs-1.101.0.tgz#fd6751770faaa5dde9ed4017890aebd02bcfd9b9"
  integrity sha512-S3+EJT9l6CF+UwHoXz+XnMC/EeQqbeXeSbSNoU4Qu2tueXmHXmMsGv3YAhNU1IhvrnIFTE0YbhG7y3AlR+MncA==
  dependencies:
    "@aws-cdk/aws-ec2" "1.101.0"
    "@aws-cdk/aws-kms" "1.101.0"
    "@aws-cdk/cloud-assembly-schema" "1.101.0"
    "@aws-cdk/core" "1.101.0"
    "@aws-cdk/cx-api" "1.101.0"
    constructs "^3.3.69"

"@aws-cdk/aws-events@1.101.0":
  version "1.101.0"
  resolved "https://registry.yarnpkg.com/@aws-cdk/aws-events/-/aws-events-1.101.0.tgz#4ecbb108b019f82b8368809a37d195ec7f374e1f"
  integrity sha512-igFXiL4TdOUYEo79WSmyT4Z0ALBMtZF1SQ692UvFwm0ocYzIwUt2FkCt4QLOsdwW28VhokR5VG8soV4c1j+OmQ==
  dependencies:
    "@aws-cdk/aws-iam" "1.101.0"
    "@aws-cdk/core" "1.101.0"
    constructs "^3.3.69"

"@aws-cdk/aws-iam@1.101.0":
  version "1.101.0"
  resolved "https://registry.yarnpkg.com/@aws-cdk/aws-iam/-/aws-iam-1.101.0.tgz#238d0a1d64ddf6a59565ba430e0be7960a3587d8"
  integrity sha512-jQ2cDLGe44zOkZNW2q3SNd/rMsAurceLokQgiQCks1aC/dlZIhOep8LOqe6kLXb2IZ04d7682fYFTfeUKlGeUQ==
  dependencies:
    "@aws-cdk/core" "1.101.0"
    "@aws-cdk/region-info" "1.101.0"
    constructs "^3.3.69"

"@aws-cdk/aws-kms@1.101.0":
  version "1.101.0"
  resolved "https://registry.yarnpkg.com/@aws-cdk/aws-kms/-/aws-kms-1.101.0.tgz#1037fd0acefbc4df1c0c640f552a3430ad6d6fac"
  integrity sha512-gU3/6nIRDKpZ9AmCl7J1qaGUtueuj/J7aAsXL04t2p39A5GnkLhkdQT4iaa2q8s06ZfTIJJerBsMks7t9lZDlQ==
  dependencies:
    "@aws-cdk/aws-iam" "1.101.0"
    "@aws-cdk/core" "1.101.0"
    "@aws-cdk/cx-api" "1.101.0"
    constructs "^3.3.69"

"@aws-cdk/aws-lambda@1.101.0":
  version "1.101.0"
  resolved "https://registry.yarnpkg.com/@aws-cdk/aws-lambda/-/aws-lambda-1.101.0.tgz#6f0cd64fc5af33290b5743643b7e45b8597c4bd6"
  integrity sha512-Yxy0RP0kmcSv6ZqUVzATnmyDPyylL074BYmL+UD1JzATvofL+s1KepB6+lO5CKQ7NHXwlmsbj4cEot+XnHoxbw==
  dependencies:
    "@aws-cdk/aws-applicationautoscaling" "1.101.0"
    "@aws-cdk/aws-cloudwatch" "1.101.0"
    "@aws-cdk/aws-codeguruprofiler" "1.101.0"
    "@aws-cdk/aws-ec2" "1.101.0"
    "@aws-cdk/aws-ecr" "1.101.0"
    "@aws-cdk/aws-ecr-assets" "1.101.0"
    "@aws-cdk/aws-efs" "1.101.0"
    "@aws-cdk/aws-events" "1.101.0"
    "@aws-cdk/aws-iam" "1.101.0"
    "@aws-cdk/aws-kms" "1.101.0"
    "@aws-cdk/aws-logs" "1.101.0"
    "@aws-cdk/aws-s3" "1.101.0"
    "@aws-cdk/aws-s3-assets" "1.101.0"
    "@aws-cdk/aws-signer" "1.101.0"
    "@aws-cdk/aws-sqs" "1.101.0"
    "@aws-cdk/core" "1.101.0"
    "@aws-cdk/cx-api" "1.101.0"
    constructs "^3.3.69"

"@aws-cdk/aws-logs@1.101.0":
  version "1.101.0"
  resolved "https://registry.yarnpkg.com/@aws-cdk/aws-logs/-/aws-logs-1.101.0.tgz#1312b626f54ab8f4d45052607d0a7e3530915123"
  integrity sha512-3sfIjyQgC8WTcRX7vvmnnzOBCa0XBGHGzITUxD/P1JL5Mv9Iiv1IxoF2sqM770azYPthBKperorm0c0Sgs7BUQ==
  dependencies:
    "@aws-cdk/aws-cloudwatch" "1.101.0"
    "@aws-cdk/aws-iam" "1.101.0"
    "@aws-cdk/aws-kms" "1.101.0"
    "@aws-cdk/aws-s3-assets" "1.101.0"
    "@aws-cdk/core" "1.101.0"
    constructs "^3.3.69"

"@aws-cdk/aws-route53@1.101.0":
  version "1.101.0"
  resolved "https://registry.yarnpkg.com/@aws-cdk/aws-route53/-/aws-route53-1.101.0.tgz#b6cf695228d43eef65e840789f05c59d577c0726"
  integrity sha512-0pfYjXzE9pkkeTj4V76qruqGVZpY8cZ6jVfw5aYf+nEQSY2Bn8Ufyy0yZbAgvQqylwAEPrMK8BWCULU3mWsdsA==
  dependencies:
    "@aws-cdk/aws-ec2" "1.101.0"
    "@aws-cdk/aws-iam" "1.101.0"
    "@aws-cdk/aws-logs" "1.101.0"
    "@aws-cdk/cloud-assembly-schema" "1.101.0"
    "@aws-cdk/core" "1.101.0"
    "@aws-cdk/custom-resources" "1.101.0"
    constructs "^3.3.69"

"@aws-cdk/aws-s3-assets@1.101.0":
  version "1.101.0"
  resolved "https://registry.yarnpkg.com/@aws-cdk/aws-s3-assets/-/aws-s3-assets-1.101.0.tgz#3c6ca782613a016c12d6f1991ea84fd21e35474c"
  integrity sha512-Xj0OT8omk0SprCqRQfGJTxl10IuO0E28l73taG4K3kP35FzYtkLa+01RLVloQZL7DLwoHVxfwCf5m2ealqCA8Q==
  dependencies:
    "@aws-cdk/assets" "1.101.0"
    "@aws-cdk/aws-iam" "1.101.0"
    "@aws-cdk/aws-kms" "1.101.0"
    "@aws-cdk/aws-s3" "1.101.0"
    "@aws-cdk/core" "1.101.0"
    "@aws-cdk/cx-api" "1.101.0"
    constructs "^3.3.69"

"@aws-cdk/aws-s3-deployment@^1.101.0":
  version "1.101.0"
  resolved "https://registry.yarnpkg.com/@aws-cdk/aws-s3-deployment/-/aws-s3-deployment-1.101.0.tgz#fc3e08ff059b92d2094c625aae03b852ea5055a1"
  integrity sha512-xbsXaLRm5+dV5PL5XOkZd909TZlBuxMl4VKSXzsiNnbgT9vVgeQzh4aS6qYw5LS+UAQVmhJ9Q4WVZCYWDjtKIg==
  dependencies:
    "@aws-cdk/aws-cloudfront" "1.101.0"
    "@aws-cdk/aws-ec2" "1.101.0"
    "@aws-cdk/aws-iam" "1.101.0"
    "@aws-cdk/aws-lambda" "1.101.0"
    "@aws-cdk/aws-s3" "1.101.0"
    "@aws-cdk/aws-s3-assets" "1.101.0"
    "@aws-cdk/core" "1.101.0"
    "@aws-cdk/lambda-layer-awscli" "1.101.0"
    constructs "^3.3.69"

"@aws-cdk/aws-s3@1.101.0", "@aws-cdk/aws-s3@^1.101.0":
  version "1.101.0"
  resolved "https://registry.yarnpkg.com/@aws-cdk/aws-s3/-/aws-s3-1.101.0.tgz#8fc2db1a64723dffe11fb7bccfcb83ec6d7c37a2"
  integrity sha512-SFAVEDPiuZGijliePljlaLrVgQWfZrMdmEj421AlkOTgheepgcN76qAxVwM0BX1l1y5q2A8tHjTRHdG71xCYvQ==
  dependencies:
    "@aws-cdk/aws-events" "1.101.0"
    "@aws-cdk/aws-iam" "1.101.0"
    "@aws-cdk/aws-kms" "1.101.0"
    "@aws-cdk/core" "1.101.0"
    "@aws-cdk/cx-api" "1.101.0"
    constructs "^3.3.69"

"@aws-cdk/aws-signer@1.101.0":
  version "1.101.0"
  resolved "https://registry.yarnpkg.com/@aws-cdk/aws-signer/-/aws-signer-1.101.0.tgz#475279a437d61ab10995596e8d2346ca22616596"
  integrity sha512-P7Oqbugk97pWpGUHAHiWRvdkI1IY8C/IY0wnruiHOF1z05bJB29Z9Pb9ptdqwIgp71/FuEvVzscSjGuuI6fgZQ==
  dependencies:
    "@aws-cdk/core" "1.101.0"
    constructs "^3.3.69"

"@aws-cdk/aws-sns@1.101.0":
  version "1.101.0"
  resolved "https://registry.yarnpkg.com/@aws-cdk/aws-sns/-/aws-sns-1.101.0.tgz#d2b717865975c41357e3714e305c1033e6d17773"
  integrity sha512-mXU6EY7nDEovnyMR3PPm3lXIWGltJAt/CDw7mS9UGzXNgB5dXtPyJASi2mBVy2zfNMf5Nz7R92beOEZSqwthow==
  dependencies:
    "@aws-cdk/aws-cloudwatch" "1.101.0"
    "@aws-cdk/aws-events" "1.101.0"
    "@aws-cdk/aws-iam" "1.101.0"
    "@aws-cdk/aws-kms" "1.101.0"
    "@aws-cdk/aws-sqs" "1.101.0"
    "@aws-cdk/core" "1.101.0"
    constructs "^3.3.69"

"@aws-cdk/aws-sqs@1.101.0":
  version "1.101.0"
  resolved "https://registry.yarnpkg.com/@aws-cdk/aws-sqs/-/aws-sqs-1.101.0.tgz#7b1335081b85a7d9b19e9bc4551edc0d28d99cd8"
  integrity sha512-jO1u1pqJEewauOzqraSgeaTc3MFcz+AdHds3eXKDDkulCyVcugjPx1uQ4Chb7rB602D+nw6SqMTPrWXC/9+M9A==
  dependencies:
    "@aws-cdk/aws-cloudwatch" "1.101.0"
    "@aws-cdk/aws-iam" "1.101.0"
    "@aws-cdk/aws-kms" "1.101.0"
    "@aws-cdk/core" "1.101.0"
    constructs "^3.3.69"

"@aws-cdk/aws-ssm@1.101.0":
  version "1.101.0"
  resolved "https://registry.yarnpkg.com/@aws-cdk/aws-ssm/-/aws-ssm-1.101.0.tgz#0fd79f658be005a7d1d029211bebe3a28e50cce6"
  integrity sha512-383502N9/UHa/jJpbtIIIbI29thDkK835wSZjP2WTMEGhVCuewxUTMZ0NMsQbvzYxc8eJ/mGfYObdhqsStxsVQ==
  dependencies:
    "@aws-cdk/aws-iam" "1.101.0"
    "@aws-cdk/aws-kms" "1.101.0"
    "@aws-cdk/cloud-assembly-schema" "1.101.0"
    "@aws-cdk/core" "1.101.0"
    constructs "^3.3.69"

"@aws-cdk/cloud-assembly-schema@1.101.0":
  version "1.101.0"
  resolved "https://registry.yarnpkg.com/@aws-cdk/cloud-assembly-schema/-/cloud-assembly-schema-1.101.0.tgz#9c6cace1d0c5f50a6fd9e758e6b563d3831b741d"
  integrity sha512-oJWLiHM5uDEkgfjvbeMLT8Y6ZDNB0K2TCxqd/amnzzWtUuPccCAQlSw+gQTUmkha8DYxENGIiJus0gtp+Y4mrg==
  dependencies:
    jsonschema "^1.4.0"
    semver "^7.3.5"

"@aws-cdk/core@1.101.0":
  version "1.101.0"
  resolved "https://registry.yarnpkg.com/@aws-cdk/core/-/core-1.101.0.tgz#b2fcbbe0fe304739fcbffaaab6ee8ace0d0dd8ba"
  integrity sha512-Zx/Nr8c2t238uXqX7LZvA+0Rk0cH+cn7+hLKZmJe7fGcDzW5+iPgWI9HEWmILlzLim3VEkNsHhklxiNXIU948w==
  dependencies:
    "@aws-cdk/cloud-assembly-schema" "1.101.0"
    "@aws-cdk/cx-api" "1.101.0"
    "@aws-cdk/region-info" "1.101.0"
    "@balena/dockerignore" "^1.0.2"
    constructs "^3.3.69"
    fs-extra "^9.1.0"
    ignore "^5.1.8"
    minimatch "^3.0.4"

"@aws-cdk/custom-resources@1.101.0":
  version "1.101.0"
  resolved "https://registry.yarnpkg.com/@aws-cdk/custom-resources/-/custom-resources-1.101.0.tgz#b9ac430e2bfea3bd20d6552ef2372cedab8af765"
  integrity sha512-Et14JTfpZ43w09lYFZfQ9YwrzTkkSK23p3Kzcmu33HTGVhTMyWsShxBHp3hYUiNAuh+y97OicUf4zM6WE8Zd7w==
  dependencies:
    "@aws-cdk/aws-cloudformation" "1.101.0"
    "@aws-cdk/aws-ec2" "1.101.0"
    "@aws-cdk/aws-iam" "1.101.0"
    "@aws-cdk/aws-lambda" "1.101.0"
    "@aws-cdk/aws-logs" "1.101.0"
    "@aws-cdk/aws-sns" "1.101.0"
    "@aws-cdk/core" "1.101.0"
    constructs "^3.3.69"

"@aws-cdk/cx-api@1.101.0":
  version "1.101.0"
  resolved "https://registry.yarnpkg.com/@aws-cdk/cx-api/-/cx-api-1.101.0.tgz#51b460654aca43c4e0af97fb86e39db95bc82d0e"
  integrity sha512-NyEfN1N/oTwel6Y0A9fmZFY47PPtr1hJteksXc3W42pfkSFloNa+tXNX23/Cu5XAhO6+MgmPUpqHgiJF2M8Nlg==
  dependencies:
    "@aws-cdk/cloud-assembly-schema" "1.101.0"
    semver "^7.3.5"

"@aws-cdk/lambda-layer-awscli@1.101.0":
  version "1.101.0"
  resolved "https://registry.yarnpkg.com/@aws-cdk/lambda-layer-awscli/-/lambda-layer-awscli-1.101.0.tgz#350c3f4bf37937cd74892ffd1297e125c6b9453f"
  integrity sha512-A2f2r9olfXuFAcvnNDvw5zZiidcN1ROB84wsYWK3TWnhM7Etf0kv9mAF6Rx/SowDzKDe3iIAOsL3lJO+woaqVA==
  dependencies:
    "@aws-cdk/aws-lambda" "1.101.0"
    "@aws-cdk/core" "1.101.0"
    constructs "^3.3.69"

"@aws-cdk/region-info@1.101.0":
  version "1.101.0"
  resolved "https://registry.yarnpkg.com/@aws-cdk/region-info/-/region-info-1.101.0.tgz#86a52d7d16d04168fe4b5d3bd88c28e16ac4adcb"
  integrity sha512-7FpuwCSkEGSr9KbfAgBa0BQc6E3HXuOI4Kc68gQwF5x2z6j0Z7zr4e+SIbYazX7TfKXNCmp8jWHsc6Q63fo6Cg==

"@balena/dockerignore@^1.0.2":
  version "1.0.2"
  resolved "https://registry.yarnpkg.com/@balena/dockerignore/-/dockerignore-1.0.2.tgz#9ffe4726915251e8eb69f44ef3547e0da2c03e0d"
  integrity sha512-wMue2Sy4GAVTk6Ic4tJVcnfdau+gx2EnG7S+uAEe+TWJFqE4YoWN4/H8MSLj4eYJKxGg26lZwboEniNiNwZQ6Q==

at-least-node@^1.0.0:
  version "1.0.0"
  resolved "https://registry.yarnpkg.com/at-least-node/-/at-least-node-1.0.0.tgz#602cd4b46e844ad4effc92a8011a3c46e0238dc2"
  integrity sha512-+q/t7Ekv1EDY2l6Gda6LLiX14rU9TV20Wa3ofeQmwPFZbOMo9DXrLbOjFaaclkXKWidIaopwAObQDqwWtGUjqg==

balanced-match@^1.0.0:
  version "1.0.2"
  resolved "https://registry.yarnpkg.com/balanced-match/-/balanced-match-1.0.2.tgz#e83e3a7e3f300b34cb9d87f615fa0cbf357690ee"
  integrity sha512-3oSeUO0TMV67hN1AmbXsK4yaqU7tjiHlbxRDZOpH0KW9+CeX4bRAaX0Anxt0tx2MrpRpWwQaPwIlISEJhYU5Pw==

brace-expansion@^1.1.7:
  version "1.1.11"
  resolved "https://registry.yarnpkg.com/brace-expansion/-/brace-expansion-1.1.11.tgz#3c7fcbf529d87226f3d2f52b966ff5271eb441dd"
  integrity sha512-iCuPHDFgrHX7H2vEI/5xpz07zSHB00TpugqhmYtVmMO6518mCuRMoOYFldEBl0g187ufozdaHgWKcYFb61qGiA==
  dependencies:
    balanced-match "^1.0.0"
    concat-map "0.0.1"

concat-map@0.0.1:
  version "0.0.1"
  resolved "https://registry.yarnpkg.com/concat-map/-/concat-map-0.0.1.tgz#d8a96bd77fd68df7793a73036a3ba0d5405d477b"
  integrity sha1-2Klr13/Wjfd5OnMDajug1UBdR3s=

constructs@^3.3.69:
  version "3.3.75"
  resolved "https://registry.yarnpkg.com/constructs/-/constructs-3.3.75.tgz#222516951fd6b8380cb6fea3c171eeca0bf980a4"
  integrity sha512-q10foASSSfDWmS99OQLfnWDXCzqLvoORISAVWPFg0AmIGlBv2ZdDOtXxLqrJARPxVlOldmW2JzWzdRI+4+0/ZA==

fs-extra@^9.1.0:
  version "9.1.0"
  resolved "https://registry.yarnpkg.com/fs-extra/-/fs-extra-9.1.0.tgz#5954460c764a8da2094ba3554bf839e6b9a7c86d"
  integrity sha512-hcg3ZmepS30/7BSFqRvoo3DOMQu7IjqxO5nCDt+zM9XWjb33Wg7ziNT+Qvqbuc3+gWpzO02JubVyk2G4Zvo1OQ==
  dependencies:
    at-least-node "^1.0.0"
    graceful-fs "^4.2.0"
    jsonfile "^6.0.1"
    universalify "^2.0.0"

graceful-fs@^4.1.6, graceful-fs@^4.2.0:
  version "4.2.6"
  resolved "https://registry.yarnpkg.com/graceful-fs/-/graceful-fs-4.2.6.tgz#ff040b2b0853b23c3d31027523706f1885d76bee"
  integrity sha512-nTnJ528pbqxYanhpDYsi4Rd8MAeaBA67+RZ10CM1m3bTAVFEDcd5AuA4a6W5YkGZ1iNXHzZz8T6TBKLeBuNriQ==

ignore@^5.1.8:
  version "5.1.8"
  resolved "https://registry.yarnpkg.com/ignore/-/ignore-5.1.8.tgz#f150a8b50a34289b33e22f5889abd4d8016f0e57"
  integrity sha512-BMpfD7PpiETpBl/A6S498BaIJ6Y/ABT93ETbby2fP00v4EbvPBXWEoaR1UBPKs3iR53pJY7EtZk5KACI57i1Uw==

jsonfile@^6.0.1:
  version "6.1.0"
  resolved "https://registry.yarnpkg.com/jsonfile/-/jsonfile-6.1.0.tgz#bc55b2634793c679ec6403094eb13698a6ec0aae"
  integrity sha512-5dgndWOriYSm5cnYaJNhalLNDKOqFwyDB/rr1E9ZsGciGvKPs8R2xYGCacuf3z6K1YKDz182fd+fY3cn3pMqXQ==
  dependencies:
    universalify "^2.0.0"
  optionalDependencies:
    graceful-fs "^4.1.6"

jsonschema@^1.4.0:
  version "1.4.0"
  resolved "https://registry.yarnpkg.com/jsonschema/-/jsonschema-1.4.0.tgz#1afa34c4bc22190d8e42271ec17ac8b3404f87b2"
  integrity sha512-/YgW6pRMr6M7C+4o8kS+B/2myEpHCrxO4PEWnqJNBFMjn7EWXqlQ4tGwL6xTHeRplwuZmcAncdvfOad1nT2yMw==

lru-cache@^6.0.0:
  version "6.0.0"
  resolved "https://registry.yarnpkg.com/lru-cache/-/lru-cache-6.0.0.tgz#6d6fe6570ebd96aaf90fcad1dafa3b2566db3a94"
  integrity sha512-Jo6dJ04CmSjuznwJSS3pUeWmd/H0ffTlkXXgwZi+eq1UCmqQwCh+eLsYOYCwY991i2Fah4h1BEMCx4qThGbsiA==
  dependencies:
    yallist "^4.0.0"

minimatch@^3.0.4:
  version "3.0.4"
  resolved "https://registry.yarnpkg.com/minimatch/-/minimatch-3.0.4.tgz#5166e286457f03306064be5497e8dbb0c3d32083"
  integrity sha512-yJHVQEhyqPLUTgt9B83PXu6W3rx4MvvHvSUvToogpwoGDOUQ+yDrR0HRot+yOCdCO7u4hX3pWft6kWBBcqh0UA==
  dependencies:
    brace-expansion "^1.1.7"

semver@^7.3.5:
  version "7.3.5"
  resolved "https://registry.yarnpkg.com/semver/-/semver-7.3.5.tgz#0b621c879348d8998e4b0e4be94b3f12e6018ef7"
  integrity sha512-PoeGJYh8HK4BTO/a9Tf6ZG3veo/A7ZVsYrSA6J8ny9nb3B1VrpkuN+z9OE5wfE5p6H4LchYZsegiQgbJD94ZFQ==
  dependencies:
    lru-cache "^6.0.0"

universalify@^2.0.0:
  version "2.0.0"
  resolved "https://registry.yarnpkg.com/universalify/-/universalify-2.0.0.tgz#75a4984efedc4b08975c5aeb73f530d02df25717"
  integrity sha512-hAZsKq7Yy11Zu1DE0OzWjw7nnLZmJZYTDZZyEFHZdUhV8FkH5MCfoU1XMaxXovpyW5nq5scPqq0ZDP9Zyl04oQ==

yallist@^4.0.0:
  version "4.0.0"
  resolved "https://registry.yarnpkg.com/yallist/-/yallist-4.0.0.tgz#9bb92790d9c0effec63be73519e11a35019a3a72"
  integrity sha512-3wdGidZyq5PB084XLES5TpOSRA3wjXAlIWMhum2kRcv/41Sn2emQ0dycQW4uZXLejwKvg6EsvbdlVL+FYEct7A==
